// !$*UTF8*$!
{
	archiveVersion = 1;
	classes = {
	};
	objectVersion = 55;
	objects = {

/* Begin PBXBuildFile section */
		C5181393289EAF2B00BF1637 /* TMDBApp.swift in Sources */ = {isa = PBXBuildFile; fileRef = C5181392289EAF2B00BF1637 /* TMDBApp.swift */; };
		C5181395289EAF2B00BF1637 /* MovieCell.swift in Sources */ = {isa = PBXBuildFile; fileRef = C5181394289EAF2B00BF1637 /* MovieCell.swift */; };
		C5181397289EAF2D00BF1637 /* Assets.xcassets in Resources */ = {isa = PBXBuildFile; fileRef = C5181396289EAF2D00BF1637 /* Assets.xcassets */; };
		C518139A289EAF2D00BF1637 /* Preview Assets.xcassets in Resources */ = {isa = PBXBuildFile; fileRef = C5181399289EAF2D00BF1637 /* Preview Assets.xcassets */; };
		C51813A4289EAF2D00BF1637 /* TMDBTests.swift in Sources */ = {isa = PBXBuildFile; fileRef = C51813A3289EAF2D00BF1637 /* TMDBTests.swift */; };
		C51813AE289EAF2D00BF1637 /* TMDBUITests.swift in Sources */ = {isa = PBXBuildFile; fileRef = C51813AD289EAF2D00BF1637 /* TMDBUITests.swift */; };
		C51813B0289EAF2D00BF1637 /* TMDBUITestsLaunchTests.swift in Sources */ = {isa = PBXBuildFile; fileRef = C51813AF289EAF2D00BF1637 /* TMDBUITestsLaunchTests.swift */; };
		C59B861A28A04A6A00D6AA7B /* SearchListView.swift in Sources */ = {isa = PBXBuildFile; fileRef = C59B861928A04A6A00D6AA7B /* SearchListView.swift */; };
		C59B861C28A04D7700D6AA7B /* MovieListView.swift in Sources */ = {isa = PBXBuildFile; fileRef = C59B861B28A04D7700D6AA7B /* MovieListView.swift */; };
		C5E8914D289EBAFA00FA4918 /* Movie.swift in Sources */ = {isa = PBXBuildFile; fileRef = C5E8914C289EBAFA00FA4918 /* Movie.swift */; };
		C5E8914F289EBCF200FA4918 /* MovieCollectionView.swift in Sources */ = {isa = PBXBuildFile; fileRef = C5E8914E289EBCF200FA4918 /* MovieCollectionView.swift */; };
		C5E89152289EC21F00FA4918 /* MainView.swift in Sources */ = {isa = PBXBuildFile; fileRef = C5E89151289EC21F00FA4918 /* MainView.swift */; };
/* End PBXBuildFile section */

/* Begin PBXContainerItemProxy section */
		C51813A0289EAF2D00BF1637 /* PBXContainerItemProxy */ = {
			isa = PBXContainerItemProxy;
			containerPortal = C5181387289EAF2B00BF1637 /* Project object */;
			proxyType = 1;
			remoteGlobalIDString = C518138E289EAF2B00BF1637;
			remoteInfo = TMDB;
		};
		C51813AA289EAF2D00BF1637 /* PBXContainerItemProxy */ = {
			isa = PBXContainerItemProxy;
			containerPortal = C5181387289EAF2B00BF1637 /* Project object */;
			proxyType = 1;
			remoteGlobalIDString = C518138E289EAF2B00BF1637;
			remoteInfo = TMDB;
		};
/* End PBXContainerItemProxy section */

/* Begin PBXFileReference section */
		C518138F289EAF2B00BF1637 /* TMDB.app */ = {isa = PBXFileReference; explicitFileType = wrapper.application; includeInIndex = 0; path = TMDB.app; sourceTree = BUILT_PRODUCTS_DIR; };
		C5181392289EAF2B00BF1637 /* TMDBApp.swift */ = {isa = PBXFileReference; lastKnownFileType = sourcecode.swift; path = TMDBApp.swift; sourceTree = "<group>"; };
		C5181394289EAF2B00BF1637 /* MovieCell.swift */ = {isa = PBXFileReference; lastKnownFileType = sourcecode.swift; path = MovieCell.swift; sourceTree = "<group>"; };
		C5181396289EAF2D00BF1637 /* Assets.xcassets */ = {isa = PBXFileReference; lastKnownFileType = folder.assetcatalog; path = Assets.xcassets; sourceTree = "<group>"; };
		C5181399289EAF2D00BF1637 /* Preview Assets.xcassets */ = {isa = PBXFileReference; lastKnownFileType = folder.assetcatalog; path = "Preview Assets.xcassets"; sourceTree = "<group>"; };
		C518139F289EAF2D00BF1637 /* TMDBTests.xctest */ = {isa = PBXFileReference; explicitFileType = wrapper.cfbundle; includeInIndex = 0; path = TMDBTests.xctest; sourceTree = BUILT_PRODUCTS_DIR; };
		C51813A3289EAF2D00BF1637 /* TMDBTests.swift */ = {isa = PBXFileReference; lastKnownFileType = sourcecode.swift; path = TMDBTests.swift; sourceTree = "<group>"; };
		C51813A9289EAF2D00BF1637 /* TMDBUITests.xctest */ = {isa = PBXFileReference; explicitFileType = wrapper.cfbundle; includeInIndex = 0; path = TMDBUITests.xctest; sourceTree = BUILT_PRODUCTS_DIR; };
		C51813AD289EAF2D00BF1637 /* TMDBUITests.swift */ = {isa = PBXFileReference; lastKnownFileType = sourcecode.swift; path = TMDBUITests.swift; sourceTree = "<group>"; };
		C51813AF289EAF2D00BF1637 /* TMDBUITestsLaunchTests.swift */ = {isa = PBXFileReference; lastKnownFileType = sourcecode.swift; path = TMDBUITestsLaunchTests.swift; sourceTree = "<group>"; };
		C59B861928A04A6A00D6AA7B /* SearchListView.swift */ = {isa = PBXFileReference; lastKnownFileType = sourcecode.swift; path = SearchListView.swift; sourceTree = "<group>"; };
		C59B861B28A04D7700D6AA7B /* MovieListView.swift */ = {isa = PBXFileReference; lastKnownFileType = sourcecode.swift; path = MovieListView.swift; sourceTree = "<group>"; };
		C5E8914C289EBAFA00FA4918 /* Movie.swift */ = {isa = PBXFileReference; lastKnownFileType = sourcecode.swift; path = Movie.swift; sourceTree = "<group>"; };
		C5E8914E289EBCF200FA4918 /* MovieCollectionView.swift */ = {isa = PBXFileReference; lastKnownFileType = sourcecode.swift; path = MovieCollectionView.swift; sourceTree = "<group>"; };
		C5E89151289EC21F00FA4918 /* MainView.swift */ = {isa = PBXFileReference; lastKnownFileType = sourcecode.swift; path = MainView.swift; sourceTree = "<group>"; };
/* End PBXFileReference section */

/* Begin PBXFrameworksBuildPhase section */
		C518138C289EAF2B00BF1637 /* Frameworks */ = {
			isa = PBXFrameworksBuildPhase;
			buildActionMask = 2147483647;
			files = (
			);
			runOnlyForDeploymentPostprocessing = 0;
		};
		C518139C289EAF2D00BF1637 /* Frameworks */ = {
			isa = PBXFrameworksBuildPhase;
			buildActionMask = 2147483647;
			files = (
			);
			runOnlyForDeploymentPostprocessing = 0;
		};
		C51813A6289EAF2D00BF1637 /* Frameworks */ = {
			isa = PBXFrameworksBuildPhase;
			buildActionMask = 2147483647;
			files = (
			);
			runOnlyForDeploymentPostprocessing = 0;
		};
/* End PBXFrameworksBuildPhase section */

/* Begin PBXGroup section */
		C5181386289EAF2B00BF1637 = {
			isa = PBXGroup;
			children = (
				C5181391289EAF2B00BF1637 /* TMDB */,
				C51813A2289EAF2D00BF1637 /* TMDBTests */,
				C51813AC289EAF2D00BF1637 /* TMDBUITests */,
				C5181390289EAF2B00BF1637 /* Products */,
			);
			sourceTree = "<group>";
		};
		C5181390289EAF2B00BF1637 /* Products */ = {
			isa = PBXGroup;
			children = (
				C518138F289EAF2B00BF1637 /* TMDB.app */,
				C518139F289EAF2D00BF1637 /* TMDBTests.xctest */,
				C51813A9289EAF2D00BF1637 /* TMDBUITests.xctest */,
			);
			name = Products;
			sourceTree = "<group>";
		};
		C5181391289EAF2B00BF1637 /* TMDB */ = {
			isa = PBXGroup;
			children = (
				C5181392289EAF2B00BF1637 /* TMDBApp.swift */,
				C5E89150289EC20400FA4918 /* MainView */,
				C59B861828A04A4C00D6AA7B /* SearchListView */,
				C51813BC289EAF6F00BF1637 /* MovieListView */,
				C5181396289EAF2D00BF1637 /* Assets.xcassets */,
				C5181398289EAF2D00BF1637 /* Preview Content */,
			);
			path = TMDB;
			sourceTree = "<group>";
		};
		C5181398289EAF2D00BF1637 /* Preview Content */ = {
			isa = PBXGroup;
			children = (
				C5181399289EAF2D00BF1637 /* Preview Assets.xcassets */,
			);
			path = "Preview Content";
			sourceTree = "<group>";
		};
		C51813A2289EAF2D00BF1637 /* TMDBTests */ = {
			isa = PBXGroup;
			children = (
				C51813A3289EAF2D00BF1637 /* TMDBTests.swift */,
			);
			path = TMDBTests;
			sourceTree = "<group>";
		};
		C51813AC289EAF2D00BF1637 /* TMDBUITests */ = {
			isa = PBXGroup;
			children = (
				C51813AD289EAF2D00BF1637 /* TMDBUITests.swift */,
				C51813AF289EAF2D00BF1637 /* TMDBUITestsLaunchTests.swift */,
			);
			path = TMDBUITests;
			sourceTree = "<group>";
		};
		C51813BC289EAF6F00BF1637 /* MovieListView */ = {
			isa = PBXGroup;
			children = (
				C5E8914C289EBAFA00FA4918 /* Movie.swift */,
				C5181394289EAF2B00BF1637 /* MovieCell.swift */,
				C5E8914E289EBCF200FA4918 /* MovieCollectionView.swift */,
				C59B861B28A04D7700D6AA7B /* MovieListView.swift */,
			);
			path = MovieListView;
			sourceTree = "<group>";
		};
		C59B861828A04A4C00D6AA7B /* SearchListView */ = {
			isa = PBXGroup;
			children = (
				C59B861928A04A6A00D6AA7B /* SearchListView.swift */,
			);
			path = SearchListView;
			sourceTree = "<group>";
		};
		C5E89150289EC20400FA4918 /* MainView */ = {
			isa = PBXGroup;
			children = (
				C5E89151289EC21F00FA4918 /* MainView.swift */,
			);
			path = MainView;
			sourceTree = "<group>";
		};
/* End PBXGroup section */

/* Begin PBXNativeTarget section */
		C518138E289EAF2B00BF1637 /* TMDB */ = {
			isa = PBXNativeTarget;
			buildConfigurationList = C51813B3289EAF2D00BF1637 /* Build configuration list for PBXNativeTarget "TMDB" */;
			buildPhases = (
				C518138B289EAF2B00BF1637 /* Sources */,
				C518138C289EAF2B00BF1637 /* Frameworks */,
				C518138D289EAF2B00BF1637 /* Resources */,
			);
			buildRules = (
			);
			dependencies = (
			);
			name = TMDB;
			productName = TMDB;
			productReference = C518138F289EAF2B00BF1637 /* TMDB.app */;
			productType = "com.apple.product-type.application";
		};
		C518139E289EAF2D00BF1637 /* TMDBTests */ = {
			isa = PBXNativeTarget;
			buildConfigurationList = C51813B6289EAF2D00BF1637 /* Build configuration list for PBXNativeTarget "TMDBTests" */;
			buildPhases = (
				C518139B289EAF2D00BF1637 /* Sources */,
				C518139C289EAF2D00BF1637 /* Frameworks */,
				C518139D289EAF2D00BF1637 /* Resources */,
			);
			buildRules = (
			);
			dependencies = (
				C51813A1289EAF2D00BF1637 /* PBXTargetDependency */,
			);
			name = TMDBTests;
			productName = TMDBTests;
			productReference = C518139F289EAF2D00BF1637 /* TMDBTests.xctest */;
			productType = "com.apple.product-type.bundle.unit-test";
		};
		C51813A8289EAF2D00BF1637 /* TMDBUITests */ = {
			isa = PBXNativeTarget;
			buildConfigurationList = C51813B9289EAF2D00BF1637 /* Build configuration list for PBXNativeTarget "TMDBUITests" */;
			buildPhases = (
				C51813A5289EAF2D00BF1637 /* Sources */,
				C51813A6289EAF2D00BF1637 /* Frameworks */,
				C51813A7289EAF2D00BF1637 /* Resources */,
			);
			buildRules = (
			);
			dependencies = (
				C51813AB289EAF2D00BF1637 /* PBXTargetDependency */,
			);
			name = TMDBUITests;
			productName = TMDBUITests;
			productReference = C51813A9289EAF2D00BF1637 /* TMDBUITests.xctest */;
			productType = "com.apple.product-type.bundle.ui-testing";
		};
/* End PBXNativeTarget section */

/* Begin PBXProject section */
		C5181387289EAF2B00BF1637 /* Project object */ = {
			isa = PBXProject;
			attributes = {
				BuildIndependentTargetsInParallel = 1;
				LastSwiftUpdateCheck = 1340;
				LastUpgradeCheck = 1340;
				TargetAttributes = {
					C518138E289EAF2B00BF1637 = {
						CreatedOnToolsVersion = 13.4.1;
					};
					C518139E289EAF2D00BF1637 = {
						CreatedOnToolsVersion = 13.4.1;
						TestTargetID = C518138E289EAF2B00BF1637;
					};
					C51813A8289EAF2D00BF1637 = {
						CreatedOnToolsVersion = 13.4.1;
						TestTargetID = C518138E289EAF2B00BF1637;
					};
				};
			};
			buildConfigurationList = C518138A289EAF2B00BF1637 /* Build configuration list for PBXProject "TMDB" */;
			compatibilityVersion = "Xcode 13.0";
			developmentRegion = en;
			hasScannedForEncodings = 0;
			knownRegions = (
				en,
				Base,
			);
			mainGroup = C5181386289EAF2B00BF1637;
			productRefGroup = C5181390289EAF2B00BF1637 /* Products */;
			projectDirPath = "";
			projectRoot = "";
			targets = (
				C518138E289EAF2B00BF1637 /* TMDB */,
				C518139E289EAF2D00BF1637 /* TMDBTests */,
				C51813A8289EAF2D00BF1637 /* TMDBUITests */,
			);
		};
/* End PBXProject section */

/* Begin PBXResourcesBuildPhase section */
		C518138D289EAF2B00BF1637 /* Resources */ = {
			isa = PBXResourcesBuildPhase;
			buildActionMask = 2147483647;
			files = (
				C518139A289EAF2D00BF1637 /* Preview Assets.xcassets in Resources */,
				C5181397289EAF2D00BF1637 /* Assets.xcassets in Resources */,
			);
			runOnlyForDeploymentPostprocessing = 0;
		};
		C518139D289EAF2D00BF1637 /* Resources */ = {
			isa = PBXResourcesBuildPhase;
			buildActionMask = 2147483647;
			files = (
			);
			runOnlyForDeploymentPostprocessing = 0;
		};
		C51813A7289EAF2D00BF1637 /* Resources */ = {
			isa = PBXResourcesBuildPhase;
			buildActionMask = 2147483647;
			files = (
			);
			runOnlyForDeploymentPostprocessing = 0;
		};
/* End PBXResourcesBuildPhase section */

/* Begin PBXSourcesBuildPhase section */
		C518138B289EAF2B00BF1637 /* Sources */ = {
			isa = PBXSourcesBuildPhase;
			buildActionMask = 2147483647;
			files = (
				C59B861A28A04A6A00D6AA7B /* SearchListView.swift in Sources */,
				C59B861C28A04D7700D6AA7B /* MovieListView.swift in Sources */,
				C5181395289EAF2B00BF1637 /* MovieCell.swift in Sources */,
				C5E8914F289EBCF200FA4918 /* MovieCollectionView.swift in Sources */,
				C5181393289EAF2B00BF1637 /* TMDBApp.swift in Sources */,
				C5E89152289EC21F00FA4918 /* MainView.swift in Sources */,
				C5E8914D289EBAFA00FA4918 /* Movie.swift in Sources */,
			);
			runOnlyForDeploymentPostprocessing = 0;
		};
		C518139B289EAF2D00BF1637 /* Sources */ = {
			isa = PBXSourcesBuildPhase;
			buildActionMask = 2147483647;
			files = (
				C51813A4289EAF2D00BF1637 /* TMDBTests.swift in Sources */,
			);
			runOnlyForDeploymentPostprocessing = 0;
		};
		C51813A5289EAF2D00BF1637 /* Sources */ = {
			isa = PBXSourcesBuildPhase;
			buildActionMask = 2147483647;
			files = (
				C51813AE289EAF2D00BF1637 /* TMDBUITests.swift in Sources */,
				C51813B0289EAF2D00BF1637 /* TMDBUITestsLaunchTests.swift in Sources */,
			);
			runOnlyForDeploymentPostprocessing = 0;
		};
/* End PBXSourcesBuildPhase section */

/* Begin PBXTargetDependency section */
		C51813A1289EAF2D00BF1637 /* PBXTargetDependency */ = {
			isa = PBXTargetDependency;
			target = C518138E289EAF2B00BF1637 /* TMDB */;
			targetProxy = C51813A0289EAF2D00BF1637 /* PBXContainerItemProxy */;
		};
		C51813AB289EAF2D00BF1637 /* PBXTargetDependency */ = {
			isa = PBXTargetDependency;
			target = C518138E289EAF2B00BF1637 /* TMDB */;
			targetProxy = C51813AA289EAF2D00BF1637 /* PBXContainerItemProxy */;
		};
/* End PBXTargetDependency section */

/* Begin XCBuildConfiguration section */
		C51813B1289EAF2D00BF1637 /* Debug */ = {
			isa = XCBuildConfiguration;
			buildSettings = {
				ALWAYS_SEARCH_USER_PATHS = NO;
				CLANG_ANALYZER_NONNULL = YES;
				CLANG_ANALYZER_NUMBER_OBJECT_CONVERSION = YES_AGGRESSIVE;
				CLANG_CXX_LANGUAGE_STANDARD = "gnu++17";
				CLANG_ENABLE_MODULES = YES;
				CLANG_ENABLE_OBJC_ARC = YES;
				CLANG_ENABLE_OBJC_WEAK = YES;
				CLANG_WARN_BLOCK_CAPTURE_AUTORELEASING = YES;
				CLANG_WARN_BOOL_CONVERSION = YES;
				CLANG_WARN_COMMA = YES;
				CLANG_WARN_CONSTANT_CONVERSION = YES;
				CLANG_WARN_DEPRECATED_OBJC_IMPLEMENTATIONS = YES;
				CLANG_WARN_DIRECT_OBJC_ISA_USAGE = YES_ERROR;
				CLANG_WARN_DOCUMENTATION_COMMENTS = YES;
				CLANG_WARN_EMPTY_BODY = YES;
				CLANG_WARN_ENUM_CONVERSION = YES;
				CLANG_WARN_INFINITE_RECURSION = YES;
				CLANG_WARN_INT_CONVERSION = YES;
				CLANG_WARN_NON_LITERAL_NULL_CONVERSION = YES;
				CLANG_WARN_OBJC_IMPLICIT_RETAIN_SELF = YES;
				CLANG_WARN_OBJC_LITERAL_CONVERSION = YES;
				CLANG_WARN_OBJC_ROOT_CLASS = YES_ERROR;
				CLANG_WARN_QUOTED_INCLUDE_IN_FRAMEWORK_HEADER = YES;
				CLANG_WARN_RANGE_LOOP_ANALYSIS = YES;
				CLANG_WARN_STRICT_PROTOTYPES = YES;
				CLANG_WARN_SUSPICIOUS_MOVE = YES;
				CLANG_WARN_UNGUARDED_AVAILABILITY = YES_AGGRESSIVE;
				CLANG_WARN_UNREACHABLE_CODE = YES;
				CLANG_WARN__DUPLICATE_METHOD_MATCH = YES;
				COPY_PHASE_STRIP = NO;
				DEBUG_INFORMATION_FORMAT = dwarf;
				ENABLE_STRICT_OBJC_MSGSEND = YES;
				ENABLE_TESTABILITY = YES;
				GCC_C_LANGUAGE_STANDARD = gnu11;
				GCC_DYNAMIC_NO_PIC = NO;
				GCC_NO_COMMON_BLOCKS = YES;
				GCC_OPTIMIZATION_LEVEL = 0;
				GCC_PREPROCESSOR_DEFINITIONS = (
					"DEBUG=1",
					"$(inherited)",
				);
				GCC_WARN_64_TO_32_BIT_CONVERSION = YES;
				GCC_WARN_ABOUT_RETURN_TYPE = YES_ERROR;
				GCC_WARN_UNDECLARED_SELECTOR = YES;
				GCC_WARN_UNINITIALIZED_AUTOS = YES_AGGRESSIVE;
				GCC_WARN_UNUSED_FUNCTION = YES;
				GCC_WARN_UNUSED_VARIABLE = YES;
				IPHONEOS_DEPLOYMENT_TARGET = 15.5;
				MTL_ENABLE_DEBUG_INFO = INCLUDE_SOURCE;
				MTL_FAST_MATH = YES;
				ONLY_ACTIVE_ARCH = YES;
				SDKROOT = iphoneos;
				SWIFT_ACTIVE_COMPILATION_CONDITIONS = DEBUG;
				SWIFT_OPTIMIZATION_LEVEL = "-Onone";
			};
			name = Debug;
		};
		C51813B2289EAF2D00BF1637 /* Release */ = {
			isa = XCBuildConfiguration;
			buildSettings = {
				ALWAYS_SEARCH_USER_PATHS = NO;
				CLANG_ANALYZER_NONNULL = YES;
				CLANG_ANALYZER_NUMBER_OBJECT_CONVERSION = YES_AGGRESSIVE;
				CLANG_CXX_LANGUAGE_STANDARD = "gnu++17";
				CLANG_ENABLE_MODULES = YES;
				CLANG_ENABLE_OBJC_ARC = YES;
				CLANG_ENABLE_OBJC_WEAK = YES;
				CLANG_WARN_BLOCK_CAPTURE_AUTORELEASING = YES;
				CLANG_WARN_BOOL_CONVERSION = YES;
				CLANG_WARN_COMMA = YES;
				CLANG_WARN_CONSTANT_CONVERSION = YES;
				CLANG_WARN_DEPRECATED_OBJC_IMPLEMENTATIONS = YES;
				CLANG_WARN_DIRECT_OBJC_ISA_USAGE = YES_ERROR;
				CLANG_WARN_DOCUMENTATION_COMMENTS = YES;
				CLANG_WARN_EMPTY_BODY = YES;
				CLANG_WARN_ENUM_CONVERSION = YES;
				CLANG_WARN_INFINITE_RECURSION = YES;
				CLANG_WARN_INT_CONVERSION = YES;
				CLANG_WARN_NON_LITERAL_NULL_CONVERSION = YES;
				CLANG_WARN_OBJC_IMPLICIT_RETAIN_SELF = YES;
				CLANG_WARN_OBJC_LITERAL_CONVERSION = YES;
				CLANG_WARN_OBJC_ROOT_CLASS = YES_ERROR;
				CLANG_WARN_QUOTED_INCLUDE_IN_FRAMEWORK_HEADER = YES;
				CLANG_WARN_RANGE_LOOP_ANALYSIS = YES;
				CLANG_WARN_STRICT_PROTOTYPES = YES;
				CLANG_WARN_SUSPICIOUS_MOVE = YES;
				CLANG_WARN_UNGUARDED_AVAILABILITY = YES_AGGRESSIVE;
				CLANG_WARN_UNREACHABLE_CODE = YES;
				CLANG_WARN__DUPLICATE_METHOD_MATCH = YES;
				COPY_PHASE_STRIP = NO;
				DEBUG_INFORMATION_FORMAT = "dwarf-with-dsym";
				ENABLE_NS_ASSERTIONS = NO;
				ENABLE_STRICT_OBJC_MSGSEND = YES;
				GCC_C_LANGUAGE_STANDARD = gnu11;
				GCC_NO_COMMON_BLOCKS = YES;
				GCC_WARN_64_TO_32_BIT_CONVERSION = YES;
				GCC_WARN_ABOUT_RETURN_TYPE = YES_ERROR;
				GCC_WARN_UNDECLARED_SELECTOR = YES;
				GCC_WARN_UNINITIALIZED_AUTOS = YES_AGGRESSIVE;
				GCC_WARN_UNUSED_FUNCTION = YES;
				GCC_WARN_UNUSED_VARIABLE = YES;
				IPHONEOS_DEPLOYMENT_TARGET = 15.5;
				MTL_ENABLE_DEBUG_INFO = NO;
				MTL_FAST_MATH = YES;
				SDKROOT = iphoneos;
				SWIFT_COMPILATION_MODE = wholemodule;
				SWIFT_OPTIMIZATION_LEVEL = "-O";
				VALIDATE_PRODUCT = YES;
			};
			name = Release;
		};
		C51813B4289EAF2D00BF1637 /* Debug */ = {
			isa = XCBuildConfiguration;
			buildSettings = {
				ASSETCATALOG_COMPILER_APPICON_NAME = AppIcon;
				ASSETCATALOG_COMPILER_GLOBAL_ACCENT_COLOR_NAME = AccentColor;
				CODE_SIGN_STYLE = Automatic;
				CURRENT_PROJECT_VERSION = 1;
				DEVELOPMENT_ASSET_PATHS = "\"TMDB/Preview Content\"";
				ENABLE_PREVIEWS = YES;
				GENERATE_INFOPLIST_FILE = YES;
				INFOPLIST_KEY_UIApplicationSceneManifest_Generation = YES;
				INFOPLIST_KEY_UIApplicationSupportsIndirectInputEvents = YES;
				INFOPLIST_KEY_UILaunchScreen_Generation = YES;
				INFOPLIST_KEY_UISupportedInterfaceOrientations_iPad = "UIInterfaceOrientationPortrait UIInterfaceOrientationPortraitUpsideDown UIInterfaceOrientationLandscapeLeft UIInterfaceOrientationLandscapeRight";
				INFOPLIST_KEY_UISupportedInterfaceOrientations_iPhone = "UIInterfaceOrientationPortrait UIInterfaceOrientationLandscapeLeft UIInterfaceOrientationLandscapeRight";
				LD_RUNPATH_SEARCH_PATHS = (
					"$(inherited)",
					"@executable_path/Frameworks",
				);
				MARKETING_VERSION = 1.0;
				PRODUCT_BUNDLE_IDENTIFIER = matheus.kuhn.TMDB;
				PRODUCT_NAME = "$(TARGET_NAME)";
				SWIFT_EMIT_LOC_STRINGS = YES;
				SWIFT_VERSION = 5.0;
				TARGETED_DEVICE_FAMILY = "1,2";
			};
			name = Debug;
		};
		C51813B5289EAF2D00BF1637 /* Release */ = {
			isa = XCBuildConfiguration;
			buildSettings = {
				ASSETCATALOG_COMPILER_APPICON_NAME = AppIcon;
				ASSETCATALOG_COMPILER_GLOBAL_ACCENT_COLOR_NAME = AccentColor;
				CODE_SIGN_STYLE = Automatic;
				CURRENT_PROJECT_VERSION = 1;
				DEVELOPMENT_ASSET_PATHS = "\"TMDB/Preview Content\"";
				ENABLE_PREVIEWS = YES;
				GENERATE_INFOPLIST_FILE = YES;
				INFOPLIST_KEY_UIApplicationSceneManifest_Generation = YES;
				INFOPLIST_KEY_UIApplicationSupportsIndirectInputEvents = YES;
				INFOPLIST_KEY_UILaunchScreen_Generation = YES;
				INFOPLIST_KEY_UISupportedInterfaceOrientations_iPad = "UIInterfaceOrientationPortrait UIInterfaceOrientationPortraitUpsideDown UIInterfaceOrientationLandscapeLeft UIInterfaceOrientationLandscapeRight";
				INFOPLIST_KEY_UISupportedInterfaceOrientations_iPhone = "UIInterfaceOrientationPortrait UIInterfaceOrientationLandscapeLeft UIInterfaceOrientationLandscapeRight";
				LD_RUNPATH_SEARCH_PATHS = (
					"$(inherited)",
					"@executable_path/Frameworks",
				);
				MARKETING_VERSION = 1.0;
				PRODUCT_BUNDLE_IDENTIFIER = matheus.kuhn.TMDB;
				PRODUCT_NAME = "$(TARGET_NAME)";
				SWIFT_EMIT_LOC_STRINGS = YES;
				SWIFT_VERSION = 5.0;
				TARGETED_DEVICE_FAMILY = "1,2";
			};
			name = Release;
		};
		C51813B7289EAF2D00BF1637 /* Debug */ = {
			isa = XCBuildConfiguration;
			buildSettings = {
				ALWAYS_EMBED_SWIFT_STANDARD_LIBRARIES = YES;
				BUNDLE_LOADER = "$(TEST_HOST)";
				CODE_SIGN_STYLE = Automatic;
				CURRENT_PROJECT_VERSION = 1;
				GENERATE_INFOPLIST_FILE = YES;
				IPHONEOS_DEPLOYMENT_TARGET = 15.5;
				MARKETING_VERSION = 1.0;
				PRODUCT_BUNDLE_IDENTIFIER = matheus.kuhn.TMDBTests;
				PRODUCT_NAME = "$(TARGET_NAME)";
				SWIFT_EMIT_LOC_STRINGS = NO;
				SWIFT_VERSION = 5.0;
				TARGETED_DEVICE_FAMILY = "1,2";
				TEST_HOST = "$(BUILT_PRODUCTS_DIR)/TMDB.app/TMDB";
			};
			name = Debug;
		};
		C51813B8289EAF2D00BF1637 /* Release */ = {
			isa = XCBuildConfiguration;
			buildSettings = {
				ALWAYS_EMBED_SWIFT_STANDARD_LIBRARIES = YES;
				BUNDLE_LOADER = "$(TEST_HOST)";
				CODE_SIGN_STYLE = Automatic;
				CURRENT_PROJECT_VERSION = 1;
				GENERATE_INFOPLIST_FILE = YES;
				IPHONEOS_DEPLOYMENT_TARGET = 15.5;
				MARKETING_VERSION = 1.0;
				PRODUCT_BUNDLE_IDENTIFIER = matheus.kuhn.TMDBTests;
				PRODUCT_NAME = "$(TARGET_NAME)";
				SWIFT_EMIT_LOC_STRINGS = NO;
				SWIFT_VERSION = 5.0;
				TARGETED_DEVICE_FAMILY = "1,2";
				TEST_HOST = "$(BUILT_PRODUCTS_DIR)/TMDB.app/TMDB";
			};
			name = Release;
		};
		C51813BA289EAF2D00BF1637 /* Debug */ = {
			isa = XCBuildConfiguration;
			buildSettings = {
				ALWAYS_EMBED_SWIFT_STANDARD_LIBRARIES = YES;
				CODE_SIGN_STYLE = Automatic;
				CURRENT_PROJECT_VERSION = 1;
				GENERATE_INFOPLIST_FILE = YES;
				MARKETING_VERSION = 1.0;
				PRODUCT_BUNDLE_IDENTIFIER = matheus.kuhn.TMDBUITests;
				PRODUCT_NAME = "$(TARGET_NAME)";
				SWIFT_EMIT_LOC_STRINGS = NO;
				SWIFT_VERSION = 5.0;
				TARGETED_DEVICE_FAMILY = "1,2";
				TEST_TARGET_NAME = TMDB;
			};
			name = Debug;
		};
		C51813BB289EAF2D00BF1637 /* Release */ = {
			isa = XCBuildConfiguration;
			buildSettings = {
				ALWAYS_EMBED_SWIFT_STANDARD_LIBRARIES = YES;
				CODE_SIGN_STYLE = Automatic;
				CURRENT_PROJECT_VERSION = 1;
				GENERATE_INFOPLIST_FILE = YES;
				MARKETING_VERSION = 1.0;
				PRODUCT_BUNDLE_IDENTIFIER = matheus.kuhn.TMDBUITests;
				PRODUCT_NAME = "$(TARGET_NAME)";
				SWIFT_EMIT_LOC_STRINGS = NO;
				SWIFT_VERSION = 5.0;
				TARGETED_DEVICE_FAMILY = "1,2";
				TEST_TARGET_NAME = TMDB;
			};
			name = Release;
		};
/* End XCBuildConfiguration section */

/* Begin XCConfigurationList section */
		C518138A289EAF2B00BF1637 /* Build configuration list for PBXProject "TMDB" */ = {
			isa = XCConfigurationList;
			buildConfigurations = (
				C51813B1289EAF2D00BF1637 /* Debug */,
				C51813B2289EAF2D00BF1637 /* Release */,
			);
			defaultConfigurationIsVisible = 0;
			defaultConfigurationName = Release;
		};
		C51813B3289EAF2D00BF1637 /* Build configuration list for PBXNativeTarget "TMDB" */ = {
			isa = XCConfigurationList;
			buildConfigurations = (
				C51813B4289EAF2D00BF1637 /* Debug */,
				C51813B5289EAF2D00BF1637 /* Release */,
			);
			defaultConfigurationIsVisible = 0;
			defaultConfigurationName = Release;
		};
		C51813B6289EAF2D00BF1637 /* Build configuration list for PBXNativeTarget "TMDBTests" */ = {
			isa = XCConfigurationList;
			buildConfigurations = (
				C51813B7289EAF2D00BF1637 /* Debug */,
				C51813B8289EAF2D00BF1637 /* Release */,
			);
			defaultConfigurationIsVisible = 0;
			defaultConfigurationName = Release;
		};
		C51813B9289EAF2D00BF1637 /* Build configuration list for PBXNativeTarget "TMDBUITests" */ = {
			isa = XCConfigurationList;
			buildConfigurations = (
				C51813BA289EAF2D00BF1637 /* Debug */,
				C51813BB289EAF2D00BF1637 /* Release */,
			);
			defaultConfigurationIsVisible = 0;
			defaultConfigurationName = Release;
		};
/* End XCConfigurationList section */
	};
	rootObject = C5181387289EAF2B00BF1637 /* Project object */;
}
