PODS:
  - DZNEmptyDataSet (1.8.1)
  - MDTAlert (1.0.3)

DEPENDENCIES:
  - DZNEmptyDataSet (= 1.8.1)
  - MDTAlert (= 1.0.3)

SPEC REPOS:
  trunk:
    - DZNEmptyDataSet
    - MDTAlert

SPEC CHECKSUMS:
  DZNEmptyDataSet: 9525833b9e68ac21c30253e1d3d7076cc828eaa7
  MDTAlert: 9808acd33b90df18da4eee11b16c0270f1798aa4

PODFILE CHECKSUM: 456ae66c17459218d982e2a3f82ed9f8c002e73e

COCOAPODS: 1.8.3
